
Microsoft Visual Studio Solution File, Format Version 12.00
# Visual Studio Version 16
VisualStudioVersion = 16.0.31624.102
MinimumVisualStudioVersion = 10.0.40219.1
Project("{FAE04EC0-301F-11D3-BF4B-00C04F79EFBC}") = "ConfigCenter.Service", "ConfigCenter.Service\ConfigCenter.Service.csproj", "{ACF1F1B7-78F1-4539-A265-E082BE566C37}"
EndProject
Project("{FAE04EC0-301F-11D3-BF4B-00C04F79EFBC}") = "ConfigCenter.Repository", "ConfigCenter.Repository\ConfigCenter.Repository.csproj", "{38914D34-8B63-493E-85D4-20D220F66FCE}"
EndProject
Project("{FAE04EC0-301F-11D3-BF4B-00C04F79EFBC}") = "ConfigCenter.Entity", "ConfigCenter.Entity\ConfigCenter.Entity.csproj", "{0D35FA78-3576-4EB5-89A6-D78BFB5D7415}"
EndProject
Project("{FAE04EC0-301F-11D3-BF4B-00C04F79EFBC}") = "ConfigCenter.Common", "ConfigCenter.Common\ConfigCenter.Common.csproj", "{CE32F179-B289-4EAB-92CA-382C95DA63B0}"
EndProject
Project("{FAE04EC0-301F-11D3-BF4B-00C04F79EFBC}") = "ConfigCenter.ApiSite", "ConfigCenter.ApiSite\ConfigCenter.ApiSite.csproj", "{70A7F741-2DD4-4A43-852F-5FB11B3EB7D5}"
EndProject
Project("{FAE04EC0-301F-11D3-BF4B-00C04F79EFBC}") = "ConfigCenter.WebSite", "ConfigCenter.WebSite\ConfigCenter.WebSite.csproj", "{68E176DA-123E-4492-AEF5-90BBB337D4E4}"
EndProject
Global
	GlobalSection(SolutionConfigurationPlatforms) = preSolution
		Debug|Any CPU = Debug|Any CPU
		Release|Any CPU = Release|Any CPU
	EndGlobalSection
	GlobalSection(ProjectConfigurationPlatforms) = postSolution
		{ACF1F1B7-78F1-4539-A265-E082BE566C37}.Debug|Any CPU.ActiveCfg = Debug|Any CPU
		{ACF1F1B7-78F1-4539-A265-E082BE566C37}.Debug|Any CPU.Build.0 = Debug|Any CPU
		{ACF1F1B7-78F1-4539-A265-E082BE566C37}.Release|Any CPU.ActiveCfg = Release|Any CPU
		{ACF1F1B7-78F1-4539-A265-E082BE566C37}.Release|Any CPU.Build.0 = Release|Any CPU
		{38914D34-8B63-493E-85D4-20D220F66FCE}.Debug|Any CPU.ActiveCfg = Debug|Any CPU
		{38914D34-8B63-493E-85D4-20D220F66FCE}.Debug|Any CPU.Build.0 = Debug|Any CPU
		{38914D34-8B63-493E-85D4-20D220F66FCE}.Release|Any CPU.ActiveCfg = Release|Any CPU
		{38914D34-8B63-493E-85D4-20D220F66FCE}.Release|Any CPU.Build.0 = Release|Any CPU
		{0D35FA78-3576-4EB5-89A6-D78BFB5D7415}.Debug|Any CPU.ActiveCfg = Debug|Any CPU
		{0D35FA78-3576-4EB5-89A6-D78BFB5D7415}.Debug|Any CPU.Build.0 = Debug|Any CPU
		{0D35FA78-3576-4EB5-89A6-D78BFB5D7415}.Release|Any CPU.ActiveCfg = Release|Any CPU
		{0D35FA78-3576-4EB5-89A6-D78BFB5D7415}.Release|Any CPU.Build.0 = Release|Any CPU
		{CE32F179-B289-4EAB-92CA-382C95DA63B0}.Debug|Any CPU.ActiveCfg = Debug|Any CPU
		{CE32F179-B289-4EAB-92CA-382C95DA63B0}.Debug|Any CPU.Build.0 = Debug|Any CPU
		{CE32F179-B289-4EAB-92CA-382C95DA63B0}.Release|Any CPU.ActiveCfg = Release|Any CPU
		{CE32F179-B289-4EAB-92CA-382C95DA63B0}.Release|Any CPU.Build.0 = Release|Any CPU
		{70A7F741-2DD4-4A43-852F-5FB11B3EB7D5}.Debug|Any CPU.ActiveCfg = Debug|Any CPU
		{70A7F741-2DD4-4A43-852F-5FB11B3EB7D5}.Debug|Any CPU.Build.0 = Debug|Any CPU
		{70A7F741-2DD4-4A43-852F-5FB11B3EB7D5}.Release|Any CPU.ActiveCfg = Release|Any CPU
		{70A7F741-2DD4-4A43-852F-5FB11B3EB7D5}.Release|Any CPU.Build.0 = Release|Any CPU
		{68E176DA-123E-4492-AEF5-90BBB337D4E4}.Debug|Any CPU.ActiveCfg = Debug|Any CPU
		{68E176DA-123E-4492-AEF5-90BBB337D4E4}.Debug|Any CPU.Build.0 = Debug|Any CPU
		{68E176DA-123E-4492-AEF5-90BBB337D4E4}.Release|Any CPU.ActiveCfg = Release|Any CPU
		{68E176DA-123E-4492-AEF5-90BBB337D4E4}.Release|Any CPU.Build.0 = Release|Any CPU
	EndGlobalSection
	GlobalSection(SolutionProperties) = preSolution
		HideSolutionNode = FALSE
	EndGlobalSection
	GlobalSection(ExtensibilityGlobals) = postSolution
		SolutionGuid = {EC0AEDF6-20EC-4667-8C1C-368221312880}
	EndGlobalSection
EndGlobal
